// !$*UTF8*$!
{
	archiveVersion = 1;
	classes = {
	};
	objectVersion = 56;
	objects = {

/* Begin PBXBuildFile section */
		081E60F02B3DC9AF004CEBD5 /* AppDelegate.swift in Sources */ = {isa = PBXBuildFile; fileRef = 081E60EF2B3DC9AF004CEBD5 /* AppDelegate.swift */; };
		081E60F42B3DC9AF004CEBD5 /* RatesViewController.swift in Sources */ = {isa = PBXBuildFile; fileRef = 081E60F32B3DC9AF004CEBD5 /* RatesViewController.swift */; };
		081E60F92B3DC9B0004CEBD5 /* Assets.xcassets in Resources */ = {isa = PBXBuildFile; fileRef = 081E60F82B3DC9B0004CEBD5 /* Assets.xcassets */; };
		081E60FC2B3DC9B0004CEBD5 /* LaunchScreen.storyboard in Resources */ = {isa = PBXBuildFile; fileRef = 081E60FA2B3DC9B0004CEBD5 /* LaunchScreen.storyboard */; };
		081E61072B3DC9B0004CEBD5 /* Currency_ConverterTests.swift in Sources */ = {isa = PBXBuildFile; fileRef = 081E61062B3DC9B0004CEBD5 /* Currency_ConverterTests.swift */; };
		081E61112B3DC9B0004CEBD5 /* Currency_ConverterUITests.swift in Sources */ = {isa = PBXBuildFile; fileRef = 081E61102B3DC9B0004CEBD5 /* Currency_ConverterUITests.swift */; };
		081E61132B3DC9B0004CEBD5 /* Currency_ConverterUITestsLaunchTests.swift in Sources */ = {isa = PBXBuildFile; fileRef = 081E61122B3DC9B0004CEBD5 /* Currency_ConverterUITestsLaunchTests.swift */; };
		082071952BC15DDD00A54323 /* RatesCell.swift in Sources */ = {isa = PBXBuildFile; fileRef = 082071942BC15DDD00A54323 /* RatesCell.swift */; };
		089182762B62A43D005C11B1 /* LatestRatesResponseModel.swift in Sources */ = {isa = PBXBuildFile; fileRef = 089182752B62A43D005C11B1 /* LatestRatesResponseModel.swift */; };
		089182782B62A458005C11B1 /* SymbolsResponseModel.swift in Sources */ = {isa = PBXBuildFile; fileRef = 089182772B62A458005C11B1 /* SymbolsResponseModel.swift */; };
		0891827B2B62A8FF005C11B1 /* APIError.swift in Sources */ = {isa = PBXBuildFile; fileRef = 0891827A2B62A8FF005C11B1 /* APIError.swift */; };
		0891827E2B62BBD1005C11B1 /* NetworkClient.swift in Sources */ = {isa = PBXBuildFile; fileRef = 0891827D2B62BBD1005C11B1 /* NetworkClient.swift */; };
		08BA41BF2B7BBA0300319EE2 /* APIKey.swift in Sources */ = {isa = PBXBuildFile; fileRef = 08BA41BE2B7BBA0300319EE2 /* APIKey.swift */; };
		8E0603D02BB85D7B0003280E /* ErrorView.swift in Sources */ = {isa = PBXBuildFile; fileRef = 8E0603CF2BB85D7B0003280E /* ErrorView.swift */; };
		8E0603D22BB85E470003280E /* LoadingView.swift in Sources */ = {isa = PBXBuildFile; fileRef = 8E0603D12BB85E470003280E /* LoadingView.swift */; };
		8E2E7BC82BA98E34000269A6 /* CurrenciesCell.swift in Sources */ = {isa = PBXBuildFile; fileRef = 8E2E7BC72BA98E34000269A6 /* CurrenciesCell.swift */; };
		8E4E0BF42BCE848100E675D8 /* TestViewController.swift in Sources */ = {isa = PBXBuildFile; fileRef = 8E4E0BF32BCE848100E675D8 /* TestViewController.swift */; };
		8E4E0BF62BCE89F900E675D8 /* UIColor+Extensions.swift in Sources */ = {isa = PBXBuildFile; fileRef = 8E4E0BF52BCE89F900E675D8 /* UIColor+Extensions.swift */; };
		8E567B2D2B9E195D000A4BEF /* CurrenciesViewController.swift in Sources */ = {isa = PBXBuildFile; fileRef = 8E567B2C2B9E195D000A4BEF /* CurrenciesViewController.swift */; };
		8E63AD7F2B7145700088C6CC /* CommonModels.swift in Sources */ = {isa = PBXBuildFile; fileRef = 8E63AD7E2B7145700088C6CC /* CommonModels.swift */; };
		8E63AD812B7146F70088C6CC /* LatestRatesService.swift in Sources */ = {isa = PBXBuildFile; fileRef = 8E63AD802B7146F70088C6CC /* LatestRatesService.swift */; };
		8E63AD832B7147880088C6CC /* LatestRatesModel.swift in Sources */ = {isa = PBXBuildFile; fileRef = 8E63AD822B7147880088C6CC /* LatestRatesModel.swift */; };
		8E63AD852B7148870088C6CC /* SymbolsModel.swift in Sources */ = {isa = PBXBuildFile; fileRef = 8E63AD842B7148870088C6CC /* SymbolsModel.swift */; };
		8EF2F16C2B7132A0005AC09B /* SymbolsService.swift in Sources */ = {isa = PBXBuildFile; fileRef = 8EF2F16B2B7132A0005AC09B /* SymbolsService.swift */; };
/* End PBXBuildFile section */

/* Begin PBXContainerItemProxy section */
		081E61032B3DC9B0004CEBD5 /* PBXContainerItemProxy */ = {
			isa = PBXContainerItemProxy;
			containerPortal = 081E60E42B3DC9AF004CEBD5 /* Project object */;
			proxyType = 1;
			remoteGlobalIDString = 081E60EB2B3DC9AF004CEBD5;
			remoteInfo = "Currency Converter";
		};
		081E610D2B3DC9B0004CEBD5 /* PBXContainerItemProxy */ = {
			isa = PBXContainerItemProxy;
			containerPortal = 081E60E42B3DC9AF004CEBD5 /* Project object */;
			proxyType = 1;
			remoteGlobalIDString = 081E60EB2B3DC9AF004CEBD5;
			remoteInfo = "Currency Converter";
		};
/* End PBXContainerItemProxy section */

/* Begin PBXFileReference section */
		081E60EC2B3DC9AF004CEBD5 /* CurrencyConverter.app */ = {isa = PBXFileReference; explicitFileType = wrapper.application; includeInIndex = 0; path = CurrencyConverter.app; sourceTree = BUILT_PRODUCTS_DIR; };
		081E60EF2B3DC9AF004CEBD5 /* AppDelegate.swift */ = {isa = PBXFileReference; lastKnownFileType = sourcecode.swift; path = AppDelegate.swift; sourceTree = "<group>"; };
		081E60F32B3DC9AF004CEBD5 /* RatesViewController.swift */ = {isa = PBXFileReference; lastKnownFileType = sourcecode.swift; path = RatesViewController.swift; sourceTree = "<group>"; };
		081E60F82B3DC9B0004CEBD5 /* Assets.xcassets */ = {isa = PBXFileReference; lastKnownFileType = folder.assetcatalog; path = Assets.xcassets; sourceTree = "<group>"; };
		081E60FB2B3DC9B0004CEBD5 /* Base */ = {isa = PBXFileReference; lastKnownFileType = file.storyboard; name = Base; path = Base.lproj/LaunchScreen.storyboard; sourceTree = "<group>"; };
		081E60FD2B3DC9B0004CEBD5 /* Info.plist */ = {isa = PBXFileReference; lastKnownFileType = text.plist.xml; path = Info.plist; sourceTree = "<group>"; };
		081E61022B3DC9B0004CEBD5 /* CurrencyConverterTests.xctest */ = {isa = PBXFileReference; explicitFileType = wrapper.cfbundle; includeInIndex = 0; path = CurrencyConverterTests.xctest; sourceTree = BUILT_PRODUCTS_DIR; };
		081E61062B3DC9B0004CEBD5 /* Currency_ConverterTests.swift */ = {isa = PBXFileReference; lastKnownFileType = sourcecode.swift; path = Currency_ConverterTests.swift; sourceTree = "<group>"; };
		081E610C2B3DC9B0004CEBD5 /* CurrencyConverterUITests.xctest */ = {isa = PBXFileReference; explicitFileType = wrapper.cfbundle; includeInIndex = 0; path = CurrencyConverterUITests.xctest; sourceTree = BUILT_PRODUCTS_DIR; };
		081E61102B3DC9B0004CEBD5 /* Currency_ConverterUITests.swift */ = {isa = PBXFileReference; lastKnownFileType = sourcecode.swift; path = Currency_ConverterUITests.swift; sourceTree = "<group>"; };
		081E61122B3DC9B0004CEBD5 /* Currency_ConverterUITestsLaunchTests.swift */ = {isa = PBXFileReference; lastKnownFileType = sourcecode.swift; path = Currency_ConverterUITestsLaunchTests.swift; sourceTree = "<group>"; };
		082071942BC15DDD00A54323 /* RatesCell.swift */ = {isa = PBXFileReference; lastKnownFileType = sourcecode.swift; path = RatesCell.swift; sourceTree = "<group>"; };
		089182752B62A43D005C11B1 /* LatestRatesResponseModel.swift */ = {isa = PBXFileReference; lastKnownFileType = sourcecode.swift; path = LatestRatesResponseModel.swift; sourceTree = "<group>"; };
		089182772B62A458005C11B1 /* SymbolsResponseModel.swift */ = {isa = PBXFileReference; lastKnownFileType = sourcecode.swift; path = SymbolsResponseModel.swift; sourceTree = "<group>"; };
		0891827A2B62A8FF005C11B1 /* APIError.swift */ = {isa = PBXFileReference; lastKnownFileType = sourcecode.swift; path = APIError.swift; sourceTree = "<group>"; };
		0891827D2B62BBD1005C11B1 /* NetworkClient.swift */ = {isa = PBXFileReference; lastKnownFileType = sourcecode.swift; path = NetworkClient.swift; sourceTree = "<group>"; };
		08BA41BE2B7BBA0300319EE2 /* APIKey.swift */ = {isa = PBXFileReference; lastKnownFileType = sourcecode.swift; path = APIKey.swift; sourceTree = "<group>"; };
		8E0603CF2BB85D7B0003280E /* ErrorView.swift */ = {isa = PBXFileReference; lastKnownFileType = sourcecode.swift; path = ErrorView.swift; sourceTree = "<group>"; };
		8E0603D12BB85E470003280E /* LoadingView.swift */ = {isa = PBXFileReference; lastKnownFileType = sourcecode.swift; path = LoadingView.swift; sourceTree = "<group>"; };
		8E2E7BC72BA98E34000269A6 /* CurrenciesCell.swift */ = {isa = PBXFileReference; lastKnownFileType = sourcecode.swift; path = CurrenciesCell.swift; sourceTree = "<group>"; };
		8E4E0BF32BCE848100E675D8 /* TestViewController.swift */ = {isa = PBXFileReference; lastKnownFileType = sourcecode.swift; path = TestViewController.swift; sourceTree = "<group>"; };
		8E4E0BF52BCE89F900E675D8 /* UIColor+Extensions.swift */ = {isa = PBXFileReference; lastKnownFileType = sourcecode.swift; path = "UIColor+Extensions.swift"; sourceTree = "<group>"; };
		8E567B2C2B9E195D000A4BEF /* CurrenciesViewController.swift */ = {isa = PBXFileReference; lastKnownFileType = sourcecode.swift; path = CurrenciesViewController.swift; sourceTree = "<group>"; };
		8E63AD7E2B7145700088C6CC /* CommonModels.swift */ = {isa = PBXFileReference; lastKnownFileType = sourcecode.swift; path = CommonModels.swift; sourceTree = "<group>"; };
		8E63AD802B7146F70088C6CC /* LatestRatesService.swift */ = {isa = PBXFileReference; lastKnownFileType = sourcecode.swift; path = LatestRatesService.swift; sourceTree = "<group>"; };
		8E63AD822B7147880088C6CC /* LatestRatesModel.swift */ = {isa = PBXFileReference; lastKnownFileType = sourcecode.swift; path = LatestRatesModel.swift; sourceTree = "<group>"; };
		8E63AD842B7148870088C6CC /* SymbolsModel.swift */ = {isa = PBXFileReference; lastKnownFileType = sourcecode.swift; path = SymbolsModel.swift; sourceTree = "<group>"; };
		8EF2F16B2B7132A0005AC09B /* SymbolsService.swift */ = {isa = PBXFileReference; lastKnownFileType = sourcecode.swift; path = SymbolsService.swift; sourceTree = "<group>"; };
/* End PBXFileReference section */

/* Begin PBXFrameworksBuildPhase section */
		081E60E92B3DC9AF004CEBD5 /* Frameworks */ = {
			isa = PBXFrameworksBuildPhase;
			buildActionMask = 2147483647;
			files = (
			);
			runOnlyForDeploymentPostprocessing = 0;
		};
		081E60FF2B3DC9B0004CEBD5 /* Frameworks */ = {
			isa = PBXFrameworksBuildPhase;
			buildActionMask = 2147483647;
			files = (
			);
			runOnlyForDeploymentPostprocessing = 0;
		};
		081E61092B3DC9B0004CEBD5 /* Frameworks */ = {
			isa = PBXFrameworksBuildPhase;
			buildActionMask = 2147483647;
			files = (
			);
			runOnlyForDeploymentPostprocessing = 0;
		};
/* End PBXFrameworksBuildPhase section */

/* Begin PBXGroup section */
		081E60E32B3DC9AF004CEBD5 = {
			isa = PBXGroup;
			children = (
				081E60EE2B3DC9AF004CEBD5 /* CurrencyConverter */,
				081E61052B3DC9B0004CEBD5 /* CurrencyConverterTests */,
				081E610F2B3DC9B0004CEBD5 /* CurrencyConverterUITests */,
				081E60ED2B3DC9AF004CEBD5 /* Products */,
			);
			sourceTree = "<group>";
		};
		081E60ED2B3DC9AF004CEBD5 /* Products */ = {
			isa = PBXGroup;
			children = (
				081E60EC2B3DC9AF004CEBD5 /* CurrencyConverter.app */,
				081E61022B3DC9B0004CEBD5 /* CurrencyConverterTests.xctest */,
				081E610C2B3DC9B0004CEBD5 /* CurrencyConverterUITests.xctest */,
			);
			name = Products;
			sourceTree = "<group>";
		};
		081E60EE2B3DC9AF004CEBD5 /* CurrencyConverter */ = {
			isa = PBXGroup;
			children = (
				8E0603CE2BB85D6A0003280E /* Views */,
				8E567B2B2B9E17E7000A4BEF /* CurrenciesModule */,
				8E567B2A2B9E17D7000A4BEF /* RatesModule */,
				081E611F2B3DC9CC004CEBD5 /* API */,
				081E60EF2B3DC9AF004CEBD5 /* AppDelegate.swift */,
				8E4E0BF32BCE848100E675D8 /* TestViewController.swift */,
				081E60F82B3DC9B0004CEBD5 /* Assets.xcassets */,
				081E60FA2B3DC9B0004CEBD5 /* LaunchScreen.storyboard */,
				081E60FD2B3DC9B0004CEBD5 /* Info.plist */,
				8E4E0BF52BCE89F900E675D8 /* UIColor+Extensions.swift */,
			);
			path = CurrencyConverter;
			sourceTree = "<group>";
		};
		081E61052B3DC9B0004CEBD5 /* CurrencyConverterTests */ = {
			isa = PBXGroup;
			children = (
				081E61062B3DC9B0004CEBD5 /* Currency_ConverterTests.swift */,
			);
			path = CurrencyConverterTests;
			sourceTree = "<group>";
		};
		081E610F2B3DC9B0004CEBD5 /* CurrencyConverterUITests */ = {
			isa = PBXGroup;
			children = (
				081E61102B3DC9B0004CEBD5 /* Currency_ConverterUITests.swift */,
				081E61122B3DC9B0004CEBD5 /* Currency_ConverterUITestsLaunchTests.swift */,
			);
			path = CurrencyConverterUITests;
			sourceTree = "<group>";
		};
		081E611F2B3DC9CC004CEBD5 /* API */ = {
			isa = PBXGroup;
			children = (
				08BA41BD2B7BB9E600319EE2 /* Key */,
				0891827C2B62BBBC005C11B1 /* Network */,
				089182792B62A8EE005C11B1 /* Error */,
				089182742B62A419005C11B1 /* Services */,
			);
			path = API;
			sourceTree = "<group>";
		};
		089182742B62A419005C11B1 /* Services */ = {
			isa = PBXGroup;
			children = (
				8E63AD7E2B7145700088C6CC /* CommonModels.swift */,
				8E63AD802B7146F70088C6CC /* LatestRatesService.swift */,
				089182752B62A43D005C11B1 /* LatestRatesResponseModel.swift */,
				8E63AD822B7147880088C6CC /* LatestRatesModel.swift */,
				8EF2F16B2B7132A0005AC09B /* SymbolsService.swift */,
				089182772B62A458005C11B1 /* SymbolsResponseModel.swift */,
				8E63AD842B7148870088C6CC /* SymbolsModel.swift */,
			);
			path = Services;
			sourceTree = "<group>";
		};
		089182792B62A8EE005C11B1 /* Error */ = {
			isa = PBXGroup;
			children = (
				0891827A2B62A8FF005C11B1 /* APIError.swift */,
			);
			path = Error;
			sourceTree = "<group>";
		};
		0891827C2B62BBBC005C11B1 /* Network */ = {
			isa = PBXGroup;
			children = (
				0891827D2B62BBD1005C11B1 /* NetworkClient.swift */,
			);
			path = Network;
			sourceTree = "<group>";
		};
		08BA41BD2B7BB9E600319EE2 /* Key */ = {
			isa = PBXGroup;
			children = (
				08BA41BE2B7BBA0300319EE2 /* APIKey.swift */,
			);
			path = Key;
			sourceTree = "<group>";
		};
		8E0603CE2BB85D6A0003280E /* Views */ = {
			isa = PBXGroup;
			children = (
				8E0603CF2BB85D7B0003280E /* ErrorView.swift */,
				8E0603D12BB85E470003280E /* LoadingView.swift */,
			);
			path = Views;
			sourceTree = "<group>";
		};
		8E567B2A2B9E17D7000A4BEF /* RatesModule */ = {
			isa = PBXGroup;
			children = (
				081E60F32B3DC9AF004CEBD5 /* RatesViewController.swift */,
				082071942BC15DDD00A54323 /* RatesCell.swift */,
			);
			path = RatesModule;
			sourceTree = "<group>";
		};
		8E567B2B2B9E17E7000A4BEF /* CurrenciesModule */ = {
			isa = PBXGroup;
			children = (
				8E567B2C2B9E195D000A4BEF /* CurrenciesViewController.swift */,
				8E2E7BC72BA98E34000269A6 /* CurrenciesCell.swift */,
			);
			path = CurrenciesModule;
			sourceTree = "<group>";
		};
/* End PBXGroup section */

/* Begin PBXNativeTarget section */
		081E60EB2B3DC9AF004CEBD5 /* CurrencyConverter */ = {
			isa = PBXNativeTarget;
			buildConfigurationList = 081E61162B3DC9B0004CEBD5 /* Build configuration list for PBXNativeTarget "CurrencyConverter" */;
			buildPhases = (
				081E60E82B3DC9AF004CEBD5 /* Sources */,
				081E60E92B3DC9AF004CEBD5 /* Frameworks */,
				081E60EA2B3DC9AF004CEBD5 /* Resources */,
			);
			buildRules = (
			);
			dependencies = (
			);
			name = CurrencyConverter;
			productName = "Currency Converter";
			productReference = 081E60EC2B3DC9AF004CEBD5 /* CurrencyConverter.app */;
			productType = "com.apple.product-type.application";
		};
		081E61012B3DC9B0004CEBD5 /* CurrencyConverterTests */ = {
			isa = PBXNativeTarget;
			buildConfigurationList = 081E61192B3DC9B0004CEBD5 /* Build configuration list for PBXNativeTarget "CurrencyConverterTests" */;
			buildPhases = (
				081E60FE2B3DC9B0004CEBD5 /* Sources */,
				081E60FF2B3DC9B0004CEBD5 /* Frameworks */,
				081E61002B3DC9B0004CEBD5 /* Resources */,
			);
			buildRules = (
			);
			dependencies = (
				081E61042B3DC9B0004CEBD5 /* PBXTargetDependency */,
			);
			name = CurrencyConverterTests;
			productName = "Currency ConverterTests";
			productReference = 081E61022B3DC9B0004CEBD5 /* CurrencyConverterTests.xctest */;
			productType = "com.apple.product-type.bundle.unit-test";
		};
		081E610B2B3DC9B0004CEBD5 /* CurrencyConverterUITests */ = {
			isa = PBXNativeTarget;
			buildConfigurationList = 081E611C2B3DC9B0004CEBD5 /* Build configuration list for PBXNativeTarget "CurrencyConverterUITests" */;
			buildPhases = (
				081E61082B3DC9B0004CEBD5 /* Sources */,
				081E61092B3DC9B0004CEBD5 /* Frameworks */,
				081E610A2B3DC9B0004CEBD5 /* Resources */,
			);
			buildRules = (
			);
			dependencies = (
				081E610E2B3DC9B0004CEBD5 /* PBXTargetDependency */,
			);
			name = CurrencyConverterUITests;
			productName = "Currency ConverterUITests";
			productReference = 081E610C2B3DC9B0004CEBD5 /* CurrencyConverterUITests.xctest */;
			productType = "com.apple.product-type.bundle.ui-testing";
		};
/* End PBXNativeTarget section */

/* Begin PBXProject section */
		081E60E42B3DC9AF004CEBD5 /* Project object */ = {
			isa = PBXProject;
			attributes = {
				BuildIndependentTargetsInParallel = 1;
				LastSwiftUpdateCheck = 1510;
				LastUpgradeCheck = 1510;
				TargetAttributes = {
					081E60EB2B3DC9AF004CEBD5 = {
						CreatedOnToolsVersion = 15.1;
					};
					081E61012B3DC9B0004CEBD5 = {
						CreatedOnToolsVersion = 15.1;
						TestTargetID = 081E60EB2B3DC9AF004CEBD5;
					};
					081E610B2B3DC9B0004CEBD5 = {
						CreatedOnToolsVersion = 15.1;
						TestTargetID = 081E60EB2B3DC9AF004CEBD5;
					};
				};
			};
			buildConfigurationList = 081E60E72B3DC9AF004CEBD5 /* Build configuration list for PBXProject "CurrencyConverter" */;
			compatibilityVersion = "Xcode 14.0";
			developmentRegion = en;
			hasScannedForEncodings = 0;
			knownRegions = (
				en,
				Base,
			);
			mainGroup = 081E60E32B3DC9AF004CEBD5;
			productRefGroup = 081E60ED2B3DC9AF004CEBD5 /* Products */;
			projectDirPath = "";
			projectRoot = "";
			targets = (
				081E60EB2B3DC9AF004CEBD5 /* CurrencyConverter */,
				081E61012B3DC9B0004CEBD5 /* CurrencyConverterTests */,
				081E610B2B3DC9B0004CEBD5 /* CurrencyConverterUITests */,
			);
		};
/* End PBXProject section */

/* Begin PBXResourcesBuildPhase section */
		081E60EA2B3DC9AF004CEBD5 /* Resources */ = {
			isa = PBXResourcesBuildPhase;
			buildActionMask = 2147483647;
			files = (
				081E60FC2B3DC9B0004CEBD5 /* LaunchScreen.storyboard in Resources */,
				081E60F92B3DC9B0004CEBD5 /* Assets.xcassets in Resources */,
			);
			runOnlyForDeploymentPostprocessing = 0;
		};
		081E61002B3DC9B0004CEBD5 /* Resources */ = {
			isa = PBXResourcesBuildPhase;
			buildActionMask = 2147483647;
			files = (
			);
			runOnlyForDeploymentPostprocessing = 0;
		};
		081E610A2B3DC9B0004CEBD5 /* Resources */ = {
			isa = PBXResourcesBuildPhase;
			buildActionMask = 2147483647;
			files = (
			);
			runOnlyForDeploymentPostprocessing = 0;
		};
/* End PBXResourcesBuildPhase section */

/* Begin PBXSourcesBuildPhase section */
		081E60E82B3DC9AF004CEBD5 /* Sources */ = {
			isa = PBXSourcesBuildPhase;
			buildActionMask = 2147483647;
			files = (
				081E60F42B3DC9AF004CEBD5 /* RatesViewController.swift in Sources */,
				8EF2F16C2B7132A0005AC09B /* SymbolsService.swift in Sources */,
				8E567B2D2B9E195D000A4BEF /* CurrenciesViewController.swift in Sources */,
				089182762B62A43D005C11B1 /* LatestRatesResponseModel.swift in Sources */,
				081E60F02B3DC9AF004CEBD5 /* AppDelegate.swift in Sources */,
				8E0603D22BB85E470003280E /* LoadingView.swift in Sources */,
				8E63AD812B7146F70088C6CC /* LatestRatesService.swift in Sources */,
				082071952BC15DDD00A54323 /* RatesCell.swift in Sources */,
				8E63AD832B7147880088C6CC /* LatestRatesModel.swift in Sources */,
				8E63AD7F2B7145700088C6CC /* CommonModels.swift in Sources */,
				8E4E0BF62BCE89F900E675D8 /* UIColor+Extensions.swift in Sources */,
				089182782B62A458005C11B1 /* SymbolsResponseModel.swift in Sources */,
				0891827E2B62BBD1005C11B1 /* NetworkClient.swift in Sources */,
				8E0603D02BB85D7B0003280E /* ErrorView.swift in Sources */,
				0891827B2B62A8FF005C11B1 /* APIError.swift in Sources */,
				08BA41BF2B7BBA0300319EE2 /* APIKey.swift in Sources */,
				8E2E7BC82BA98E34000269A6 /* CurrenciesCell.swift in Sources */,
				8E4E0BF42BCE848100E675D8 /* TestViewController.swift in Sources */,
				8E63AD852B7148870088C6CC /* SymbolsModel.swift in Sources */,
			);
			runOnlyForDeploymentPostprocessing = 0;
		};
		081E60FE2B3DC9B0004CEBD5 /* Sources */ = {
			isa = PBXSourcesBuildPhase;
			buildActionMask = 2147483647;
			files = (
				081E61072B3DC9B0004CEBD5 /* Currency_ConverterTests.swift in Sources */,
			);
			runOnlyForDeploymentPostprocessing = 0;
		};
		081E61082B3DC9B0004CEBD5 /* Sources */ = {
			isa = PBXSourcesBuildPhase;
			buildActionMask = 2147483647;
			files = (
				081E61132B3DC9B0004CEBD5 /* Currency_ConverterUITestsLaunchTests.swift in Sources */,
				081E61112B3DC9B0004CEBD5 /* Currency_ConverterUITests.swift in Sources */,
			);
			runOnlyForDeploymentPostprocessing = 0;
		};
/* End PBXSourcesBuildPhase section */

/* Begin PBXTargetDependency section */
		081E61042B3DC9B0004CEBD5 /* PBXTargetDependency */ = {
			isa = PBXTargetDependency;
			target = 081E60EB2B3DC9AF004CEBD5 /* CurrencyConverter */;
			targetProxy = 081E61032B3DC9B0004CEBD5 /* PBXContainerItemProxy */;
		};
		081E610E2B3DC9B0004CEBD5 /* PBXTargetDependency */ = {
			isa = PBXTargetDependency;
			target = 081E60EB2B3DC9AF004CEBD5 /* CurrencyConverter */;
			targetProxy = 081E610D2B3DC9B0004CEBD5 /* PBXContainerItemProxy */;
		};
/* End PBXTargetDependency section */

/* Begin PBXVariantGroup section */
		081E60FA2B3DC9B0004CEBD5 /* LaunchScreen.storyboard */ = {
			isa = PBXVariantGroup;
			children = (
				081E60FB2B3DC9B0004CEBD5 /* Base */,
			);
			name = LaunchScreen.storyboard;
			sourceTree = "<group>";
		};
/* End PBXVariantGroup section */

/* Begin XCBuildConfiguration section */
		081E61142B3DC9B0004CEBD5 /* Debug */ = {
			isa = XCBuildConfiguration;
			buildSettings = {
				ALWAYS_SEARCH_USER_PATHS = NO;
				ASSETCATALOG_COMPILER_GENERATE_SWIFT_ASSET_SYMBOL_EXTENSIONS = YES;
				CLANG_ANALYZER_NONNULL = YES;
				CLANG_ANALYZER_NUMBER_OBJECT_CONVERSION = YES_AGGRESSIVE;
				CLANG_CXX_LANGUAGE_STANDARD = "gnu++20";
				CLANG_ENABLE_MODULES = YES;
				CLANG_ENABLE_OBJC_ARC = YES;
				CLANG_ENABLE_OBJC_WEAK = YES;
				CLANG_WARN_BLOCK_CAPTURE_AUTORELEASING = YES;
				CLANG_WARN_BOOL_CONVERSION = YES;
				CLANG_WARN_COMMA = YES;
				CLANG_WARN_CONSTANT_CONVERSION = YES;
				CLANG_WARN_DEPRECATED_OBJC_IMPLEMENTATIONS = YES;
				CLANG_WARN_DIRECT_OBJC_ISA_USAGE = YES_ERROR;
				CLANG_WARN_DOCUMENTATION_COMMENTS = YES;
				CLANG_WARN_EMPTY_BODY = YES;
				CLANG_WARN_ENUM_CONVERSION = YES;
				CLANG_WARN_INFINITE_RECURSION = YES;
				CLANG_WARN_INT_CONVERSION = YES;
				CLANG_WARN_NON_LITERAL_NULL_CONVERSION = YES;
				CLANG_WARN_OBJC_IMPLICIT_RETAIN_SELF = YES;
				CLANG_WARN_OBJC_LITERAL_CONVERSION = YES;
				CLANG_WARN_OBJC_ROOT_CLASS = YES_ERROR;
				CLANG_WARN_QUOTED_INCLUDE_IN_FRAMEWORK_HEADER = YES;
				CLANG_WARN_RANGE_LOOP_ANALYSIS = YES;
				CLANG_WARN_STRICT_PROTOTYPES = YES;
				CLANG_WARN_SUSPICIOUS_MOVE = YES;
				CLANG_WARN_UNGUARDED_AVAILABILITY = YES_AGGRESSIVE;
				CLANG_WARN_UNREACHABLE_CODE = YES;
				CLANG_WARN__DUPLICATE_METHOD_MATCH = YES;
				COPY_PHASE_STRIP = NO;
				DEBUG_INFORMATION_FORMAT = dwarf;
				ENABLE_STRICT_OBJC_MSGSEND = YES;
				ENABLE_TESTABILITY = YES;
				ENABLE_USER_SCRIPT_SANDBOXING = YES;
				GCC_C_LANGUAGE_STANDARD = gnu17;
				GCC_DYNAMIC_NO_PIC = NO;
				GCC_NO_COMMON_BLOCKS = YES;
				GCC_OPTIMIZATION_LEVEL = 0;
				GCC_PREPROCESSOR_DEFINITIONS = (
					"DEBUG=1",
					"$(inherited)",
				);
				GCC_WARN_64_TO_32_BIT_CONVERSION = YES;
				GCC_WARN_ABOUT_RETURN_TYPE = YES_ERROR;
				GCC_WARN_UNDECLARED_SELECTOR = YES;
				GCC_WARN_UNINITIALIZED_AUTOS = YES_AGGRESSIVE;
				GCC_WARN_UNUSED_FUNCTION = YES;
				GCC_WARN_UNUSED_VARIABLE = YES;
				IPHONEOS_DEPLOYMENT_TARGET = 17.2;
				LOCALIZATION_PREFERS_STRING_CATALOGS = YES;
				MTL_ENABLE_DEBUG_INFO = INCLUDE_SOURCE;
				MTL_FAST_MATH = YES;
				ONLY_ACTIVE_ARCH = YES;
				SDKROOT = iphoneos;
				SWIFT_ACTIVE_COMPILATION_CONDITIONS = "DEBUG $(inherited)";
				SWIFT_OPTIMIZATION_LEVEL = "-Onone";
			};
			name = Debug;
		};
		081E61152B3DC9B0004CEBD5 /* Release */ = {
			isa = XCBuildConfiguration;
			buildSettings = {
				ALWAYS_SEARCH_USER_PATHS = NO;
				ASSETCATALOG_COMPILER_GENERATE_SWIFT_ASSET_SYMBOL_EXTENSIONS = YES;
				CLANG_ANALYZER_NONNULL = YES;
				CLANG_ANALYZER_NUMBER_OBJECT_CONVERSION = YES_AGGRESSIVE;
				CLANG_CXX_LANGUAGE_STANDARD = "gnu++20";
				CLANG_ENABLE_MODULES = YES;
				CLANG_ENABLE_OBJC_ARC = YES;
				CLANG_ENABLE_OBJC_WEAK = YES;
				CLANG_WARN_BLOCK_CAPTURE_AUTORELEASING = YES;
				CLANG_WARN_BOOL_CONVERSION = YES;
				CLANG_WARN_COMMA = YES;
				CLANG_WARN_CONSTANT_CONVERSION = YES;
				CLANG_WARN_DEPRECATED_OBJC_IMPLEMENTATIONS = YES;
				CLANG_WARN_DIRECT_OBJC_ISA_USAGE = YES_ERROR;
				CLANG_WARN_DOCUMENTATION_COMMENTS = YES;
				CLANG_WARN_EMPTY_BODY = YES;
				CLANG_WARN_ENUM_CONVERSION = YES;
				CLANG_WARN_INFINITE_RECURSION = YES;
				CLANG_WARN_INT_CONVERSION = YES;
				CLANG_WARN_NON_LITERAL_NULL_CONVERSION = YES;
				CLANG_WARN_OBJC_IMPLICIT_RETAIN_SELF = YES;
				CLANG_WARN_OBJC_LITERAL_CONVERSION = YES;
				CLANG_WARN_OBJC_ROOT_CLASS = YES_ERROR;
				CLANG_WARN_QUOTED_INCLUDE_IN_FRAMEWORK_HEADER = YES;
				CLANG_WARN_RANGE_LOOP_ANALYSIS = YES;
				CLANG_WARN_STRICT_PROTOTYPES = YES;
				CLANG_WARN_SUSPICIOUS_MOVE = YES;
				CLANG_WARN_UNGUARDED_AVAILABILITY = YES_AGGRESSIVE;
				CLANG_WARN_UNREACHABLE_CODE = YES;
				CLANG_WARN__DUPLICATE_METHOD_MATCH = YES;
				COPY_PHASE_STRIP = NO;
				DEBUG_INFORMATION_FORMAT = "dwarf-with-dsym";
				ENABLE_NS_ASSERTIONS = NO;
				ENABLE_STRICT_OBJC_MSGSEND = YES;
				ENABLE_USER_SCRIPT_SANDBOXING = YES;
				GCC_C_LANGUAGE_STANDARD = gnu17;
				GCC_NO_COMMON_BLOCKS = YES;
				GCC_WARN_64_TO_32_BIT_CONVERSION = YES;
				GCC_WARN_ABOUT_RETURN_TYPE = YES_ERROR;
				GCC_WARN_UNDECLARED_SELECTOR = YES;
				GCC_WARN_UNINITIALIZED_AUTOS = YES_AGGRESSIVE;
				GCC_WARN_UNUSED_FUNCTION = YES;
				GCC_WARN_UNUSED_VARIABLE = YES;
				IPHONEOS_DEPLOYMENT_TARGET = 17.2;
				LOCALIZATION_PREFERS_STRING_CATALOGS = YES;
				MTL_ENABLE_DEBUG_INFO = NO;
				MTL_FAST_MATH = YES;
				SDKROOT = iphoneos;
				SWIFT_COMPILATION_MODE = wholemodule;
				VALIDATE_PRODUCT = YES;
			};
			name = Release;
		};
		081E61172B3DC9B0004CEBD5 /* Debug */ = {
			isa = XCBuildConfiguration;
			buildSettings = {
				ASSETCATALOG_COMPILER_APPICON_NAME = AppIcon;
				ASSETCATALOG_COMPILER_GLOBAL_ACCENT_COLOR_NAME = AccentColor;
				CODE_SIGN_STYLE = Automatic;
				CURRENT_PROJECT_VERSION = 1;
				GENERATE_INFOPLIST_FILE = YES;
				INFOPLIST_FILE = CurrencyConverter/Info.plist;
				INFOPLIST_KEY_UIApplicationSupportsIndirectInputEvents = YES;
				INFOPLIST_KEY_UILaunchStoryboardName = LaunchScreen;
				INFOPLIST_KEY_UISupportedInterfaceOrientations = UIInterfaceOrientationPortrait;
				INFOPLIST_KEY_UISupportedInterfaceOrientations_iPad = "UIInterfaceOrientationLandscapeLeft UIInterfaceOrientationLandscapeRight UIInterfaceOrientationPortrait UIInterfaceOrientationPortraitUpsideDown";
				LD_RUNPATH_SEARCH_PATHS = (
					"$(inherited)",
					"@executable_path/Frameworks",
				);
				MARKETING_VERSION = 1.0;
				PRODUCT_BUNDLE_IDENTIFIER = "GIGA.Currency-Converter";
				PRODUCT_NAME = "$(TARGET_NAME)";
				SUPPORTED_PLATFORMS = "iphoneos iphonesimulator";
				SUPPORTS_MACCATALYST = NO;
				SUPPORTS_MAC_DESIGNED_FOR_IPHONE_IPAD = NO;
				SWIFT_EMIT_LOC_STRINGS = YES;
				SWIFT_VERSION = 5.0;
				TARGETED_DEVICE_FAMILY = 1;
			};
			name = Debug;
		};
		081E61182B3DC9B0004CEBD5 /* Release */ = {
			isa = XCBuildConfiguration;
			buildSettings = {
				ASSETCATALOG_COMPILER_APPICON_NAME = AppIcon;
				ASSETCATALOG_COMPILER_GLOBAL_ACCENT_COLOR_NAME = AccentColor;
				CODE_SIGN_STYLE = Automatic;
				CURRENT_PROJECT_VERSION = 1;
				GENERATE_INFOPLIST_FILE = YES;
				INFOPLIST_FILE = CurrencyConverter/Info.plist;
				INFOPLIST_KEY_UIApplicationSupportsIndirectInputEvents = YES;
				INFOPLIST_KEY_UILaunchStoryboardName = LaunchScreen;
				INFOPLIST_KEY_UISupportedInterfaceOrientations = UIInterfaceOrientationPortrait;
				INFOPLIST_KEY_UISupportedInterfaceOrientations_iPad = "UIInterfaceOrientationLandscapeLeft UIInterfaceOrientationLandscapeRight UIInterfaceOrientationPortrait UIInterfaceOrientationPortraitUpsideDown";
				LD_RUNPATH_SEARCH_PATHS = (
					"$(inherited)",
					"@executable_path/Frameworks",
				);
				MARKETING_VERSION = 1.0;
				PRODUCT_BUNDLE_IDENTIFIER = "GIGA.Currency-Converter";
				PRODUCT_NAME = "$(TARGET_NAME)";
				SUPPORTED_PLATFORMS = "iphoneos iphonesimulator";
				SUPPORTS_MACCATALYST = NO;
				SUPPORTS_MAC_DESIGNED_FOR_IPHONE_IPAD = NO;
				SWIFT_EMIT_LOC_STRINGS = YES;
				SWIFT_VERSION = 5.0;
				TARGETED_DEVICE_FAMILY = 1;
			};
			name = Release;
		};
		081E611A2B3DC9B0004CEBD5 /* Debug */ = {
			isa = XCBuildConfiguration;
			buildSettings = {
				ALWAYS_EMBED_SWIFT_STANDARD_LIBRARIES = YES;
				BUNDLE_LOADER = "$(TEST_HOST)";
				CODE_SIGN_STYLE = Automatic;
				CURRENT_PROJECT_VERSION = 1;
				GENERATE_INFOPLIST_FILE = YES;
				IPHONEOS_DEPLOYMENT_TARGET = 17.2;
				MARKETING_VERSION = 1.0;
				PRODUCT_BUNDLE_IDENTIFIER = "GIGA.Currency-ConverterTests";
				PRODUCT_NAME = "$(TARGET_NAME)";
				SWIFT_EMIT_LOC_STRINGS = NO;
				SWIFT_VERSION = 5.0;
				TARGETED_DEVICE_FAMILY = "1,2";
				TEST_HOST = "$(BUILT_PRODUCTS_DIR)/Currency Converter.app/$(BUNDLE_EXECUTABLE_FOLDER_PATH)/Currency Converter";
			};
			name = Debug;
		};
		081E611B2B3DC9B0004CEBD5 /* Release */ = {
			isa = XCBuildConfiguration;
			buildSettings = {
				ALWAYS_EMBED_SWIFT_STANDARD_LIBRARIES = YES;
				BUNDLE_LOADER = "$(TEST_HOST)";
				CODE_SIGN_STYLE = Automatic;
				CURRENT_PROJECT_VERSION = 1;
				GENERATE_INFOPLIST_FILE = YES;
				IPHONEOS_DEPLOYMENT_TARGET = 17.2;
				MARKETING_VERSION = 1.0;
				PRODUCT_BUNDLE_IDENTIFIER = "GIGA.Currency-ConverterTests";
				PRODUCT_NAME = "$(TARGET_NAME)";
				SWIFT_EMIT_LOC_STRINGS = NO;
				SWIFT_VERSION = 5.0;
				TARGETED_DEVICE_FAMILY = "1,2";
				TEST_HOST = "$(BUILT_PRODUCTS_DIR)/Currency Converter.app/$(BUNDLE_EXECUTABLE_FOLDER_PATH)/Currency Converter";
			};
			name = Release;
		};
		081E611D2B3DC9B0004CEBD5 /* Debug */ = {
			isa = XCBuildConfiguration;
			buildSettings = {
				ALWAYS_EMBED_SWIFT_STANDARD_LIBRARIES = YES;
				CODE_SIGN_STYLE = Automatic;
				CURRENT_PROJECT_VERSION = 1;
				GENERATE_INFOPLIST_FILE = YES;
				MARKETING_VERSION = 1.0;
				PRODUCT_BUNDLE_IDENTIFIER = "GIGA.Currency-ConverterUITests";
				PRODUCT_NAME = "$(TARGET_NAME)";
				SWIFT_EMIT_LOC_STRINGS = NO;
				SWIFT_VERSION = 5.0;
				TARGETED_DEVICE_FAMILY = "1,2";
				TEST_TARGET_NAME = "Currency Converter";
			};
			name = Debug;
		};
		081E611E2B3DC9B0004CEBD5 /* Release */ = {
			isa = XCBuildConfiguration;
			buildSettings = {
				ALWAYS_EMBED_SWIFT_STANDARD_LIBRARIES = YES;
				CODE_SIGN_STYLE = Automatic;
				CURRENT_PROJECT_VERSION = 1;
				GENERATE_INFOPLIST_FILE = YES;
				MARKETING_VERSION = 1.0;
				PRODUCT_BUNDLE_IDENTIFIER = "GIGA.Currency-ConverterUITests";
				PRODUCT_NAME = "$(TARGET_NAME)";
				SWIFT_EMIT_LOC_STRINGS = NO;
				SWIFT_VERSION = 5.0;
				TARGETED_DEVICE_FAMILY = "1,2";
				TEST_TARGET_NAME = "Currency Converter";
			};
			name = Release;
		};
/* End XCBuildConfiguration section */

/* Begin XCConfigurationList section */
		081E60E72B3DC9AF004CEBD5 /* Build configuration list for PBXProject "CurrencyConverter" */ = {
			isa = XCConfigurationList;
			buildConfigurations = (
				081E61142B3DC9B0004CEBD5 /* Debug */,
				081E61152B3DC9B0004CEBD5 /* Release */,
			);
			defaultConfigurationIsVisible = 0;
			defaultConfigurationName = Release;
		};
		081E61162B3DC9B0004CEBD5 /* Build configuration list for PBXNativeTarget "CurrencyConverter" */ = {
			isa = XCConfigurationList;
			buildConfigurations = (
				081E61172B3DC9B0004CEBD5 /* Debug */,
				081E61182B3DC9B0004CEBD5 /* Release */,
			);
			defaultConfigurationIsVisible = 0;
			defaultConfigurationName = Release;
		};
		081E61192B3DC9B0004CEBD5 /* Build configuration list for PBXNativeTarget "CurrencyConverterTests" */ = {
			isa = XCConfigurationList;
			buildConfigurations = (
				081E611A2B3DC9B0004CEBD5 /* Debug */,
				081E611B2B3DC9B0004CEBD5 /* Release */,
			);
			defaultConfigurationIsVisible = 0;
			defaultConfigurationName = Release;
		};
		081E611C2B3DC9B0004CEBD5 /* Build configuration list for PBXNativeTarget "CurrencyConverterUITests" */ = {
			isa = XCConfigurationList;
			buildConfigurations = (
				081E611D2B3DC9B0004CEBD5 /* Debug */,
				081E611E2B3DC9B0004CEBD5 /* Release */,
			);
			defaultConfigurationIsVisible = 0;
			defaultConfigurationName = Release;
		};
/* End XCConfigurationList section */
	};
	rootObject = 081E60E42B3DC9AF004CEBD5 /* Project object */;
}
